
Microsoft Visual Studio Solution File, Format Version 12.00
# Visual Studio 15
VisualStudioVersion = 15.0.28307.438
MinimumVisualStudioVersion = 10.0.40219.1
Project("{FAE04EC0-301F-11D3-BF4B-00C04F79EFBC}") = "MeeksTemplateBuilder", "MeeksTemplateBuilder\MeeksTemplateBuilder.csproj", "{0F2BAAD6-F61E-48F6-B011-38B0F4A8E73F}"
EndProject
Project("{FAE04EC0-301F-11D3-BF4B-00C04F79EFBC}") = "App", "App\App.csproj", "{DBAA012E-78ED-43A8-A8A9-18EDA5DEB092}"
EndProject
Global
	GlobalSection(SolutionConfigurationPlatforms) = preSolution
		Debug|Any CPU = Debug|Any CPU
		Release|Any CPU = Release|Any CPU
	EndGlobalSection
	GlobalSection(ProjectConfigurationPlatforms) = postSolution
		{0F2BAAD6-F61E-48F6-B011-38B0F4A8E73F}.Debug|Any CPU.ActiveCfg = Debug|Any CPU
		{0F2BAAD6-F61E-48F6-B011-38B0F4A8E73F}.Debug|Any CPU.Build.0 = Debug|Any CPU
		{0F2BAAD6-F61E-48F6-B011-38B0F4A8E73F}.Release|Any CPU.ActiveCfg = Release|Any CPU
		{0F2BAAD6-F61E-48F6-B011-38B0F4A8E73F}.Release|Any CPU.Build.0 = Release|Any CPU
		{DBAA012E-78ED-43A8-A8A9-18EDA5DEB092}.Debug|Any CPU.ActiveCfg = Debug|Any CPU
		{DBAA012E-78ED-43A8-A8A9-18EDA5DEB092}.Debug|Any CPU.Build.0 = Debug|Any CPU
		{DBAA012E-78ED-43A8-A8A9-18EDA5DEB092}.Release|Any CPU.ActiveCfg = Release|Any CPU
		{DBAA012E-78ED-43A8-A8A9-18EDA5DEB092}.Release|Any CPU.Build.0 = Release|Any CPU
	EndGlobalSection
	GlobalSection(SolutionProperties) = preSolution
		HideSolutionNode = FALSE
	EndGlobalSection
	GlobalSection(ExtensibilityGlobals) = postSolution
		SolutionGuid = {4567A6E9-F5D6-4D8D-B058-77809510D761}
	EndGlobalSection
EndGlobal
